
Microsoft Visual Studio Solution File, Format Version 12.00
# Visual Studio Version 17
VisualStudioVersion = 17.6.33829.357
MinimumVisualStudioVersion = 10.0.40219.1
Project("{FAE04EC0-301F-11D3-BF4B-00C04F79EFBC}") = "ThreadLifeCycleInCSharp", "ThreadLifeCycleInCSharp\ThreadLifeCycleInCSharp.csproj", "{1BEEEE9F-EC22-4208-925A-2C05D53AF696}"
EndProject
Global
	GlobalSection(SolutionConfigurationPlatforms) = preSolution
		Debug|Any CPU = Debug|Any CPU
		Release|Any CPU = Release|Any CPU
	EndGlobalSection
	GlobalSection(ProjectConfigurationPlatforms) = postSolution
		{1BEEEE9F-EC22-4208-925A-2C05D53AF696}.Debug|Any CPU.ActiveCfg = Debug|Any CPU
		{1BEEEE9F-EC22-4208-925A-2C05D53AF696}.Debug|Any CPU.Build.0 = Debug|Any CPU
		{1BEEEE9F-EC22-4208-925A-2C05D53AF696}.Release|Any CPU.ActiveCfg = Release|Any CPU
		{1BEEEE9F-EC22-4208-925A-2C05D53AF696}.Release|Any CPU.Build.0 = Release|Any CPU
	EndGlobalSection
	GlobalSection(SolutionProperties) = preSolution
		HideSolutionNode = FALSE
	EndGlobalSection
	GlobalSection(ExtensibilityGlobals) = postSolution
		SolutionGuid = {DAE237AA-7D40-492D-882B-2B1698C59CC2}
	EndGlobalSection
EndGlobal
